
Microsoft Visual Studio Solution File, Format Version 12.00
# Visual Studio Version 17
VisualStudioVersion = 17.1.32421.90
MinimumVisualStudioVersion = 10.0.40219.1
Project("{FAE04EC0-301F-11D3-BF4B-00C04F79EFBC}") = "CheckUrls", "CheckUrls\CheckUrls.csproj", "{2C53528B-69BA-4BEF-A1A9-9AE7F9383315}"
EndProject
Global
	GlobalSection(SolutionConfigurationPlatforms) = preSolution
		Debug|Any CPU = Debug|Any CPU
		Release|Any CPU = Release|Any CPU
	EndGlobalSection
	GlobalSection(ProjectConfigurationPlatforms) = postSolution
		{2C53528B-69BA-4BEF-A1A9-9AE7F9383315}.Debug|Any CPU.ActiveCfg = Debug|Any CPU
		{2C53528B-69BA-4BEF-A1A9-9AE7F9383315}.Debug|Any CPU.Build.0 = Debug|Any CPU
		{2C53528B-69BA-4BEF-A1A9-9AE7F9383315}.Release|Any CPU.ActiveCfg = Release|Any CPU
		{2C53528B-69BA-4BEF-A1A9-9AE7F9383315}.Release|Any CPU.Build.0 = Release|Any CPU
	EndGlobalSection
	GlobalSection(SolutionProperties) = preSolution
		HideSolutionNode = FALSE
	EndGlobalSection
	GlobalSection(ExtensibilityGlobals) = postSolution
		SolutionGuid = {7C4D0692-6534-471F-9679-BB974C6E9E24}
	EndGlobalSection
EndGlobal
